
Microsoft Visual Studio Solution File, Format Version 12.00
# Visual Studio Version 17
VisualStudioVersion = 17.6.33723.286
MinimumVisualStudioVersion = 10.0.40219.1
Project("{9A19103F-16F7-4668-BE54-9A1E7A4F7556}") = "Parser", "Parser.csproj", "{A8E73DAA-EE12-4718-8943-102C087133E9}"
EndProject
Project("{9A19103F-16F7-4668-BE54-9A1E7A4F7556}") = "LoggerService", "..\LoggerService\LoggerService.csproj", "{DFC806E7-1499-4DB3-AF6F-8A35860F21C3}"
EndProject
Project("{9A19103F-16F7-4668-BE54-9A1E7A4F7556}") = "Contracts", "..\Contracts\Contracts.csproj", "{857CF18E-A8C9-4437-A3C0-1B456C9E9732}"
EndProject
Project("{9A19103F-16F7-4668-BE54-9A1E7A4F7556}") = "Entities", "..\Entities\Entities.csproj", "{7D576C44-5316-42E7-AC88-849FC7EFE564}"
EndProject
Project("{9A19103F-16F7-4668-BE54-9A1E7A4F7556}") = "Repository", "..\Repository\Repository.csproj", "{421438A5-182E-45E1-BCA0-0E18DF623609}"
EndProject
Global
	GlobalSection(SolutionConfigurationPlatforms) = preSolution
		Debug|Any CPU = Debug|Any CPU
		Release|Any CPU = Release|Any CPU
	EndGlobalSection
	GlobalSection(ProjectConfigurationPlatforms) = postSolution
		{A8E73DAA-EE12-4718-8943-102C087133E9}.Debug|Any CPU.ActiveCfg = Debug|Any CPU
		{A8E73DAA-EE12-4718-8943-102C087133E9}.Debug|Any CPU.Build.0 = Debug|Any CPU
		{A8E73DAA-EE12-4718-8943-102C087133E9}.Release|Any CPU.ActiveCfg = Release|Any CPU
		{A8E73DAA-EE12-4718-8943-102C087133E9}.Release|Any CPU.Build.0 = Release|Any CPU
		{DFC806E7-1499-4DB3-AF6F-8A35860F21C3}.Debug|Any CPU.ActiveCfg = Debug|Any CPU
		{DFC806E7-1499-4DB3-AF6F-8A35860F21C3}.Debug|Any CPU.Build.0 = Debug|Any CPU
		{DFC806E7-1499-4DB3-AF6F-8A35860F21C3}.Release|Any CPU.ActiveCfg = Release|Any CPU
		{DFC806E7-1499-4DB3-AF6F-8A35860F21C3}.Release|Any CPU.Build.0 = Release|Any CPU
		{857CF18E-A8C9-4437-A3C0-1B456C9E9732}.Debug|Any CPU.ActiveCfg = Debug|Any CPU
		{857CF18E-A8C9-4437-A3C0-1B456C9E9732}.Debug|Any CPU.Build.0 = Debug|Any CPU
		{857CF18E-A8C9-4437-A3C0-1B456C9E9732}.Release|Any CPU.ActiveCfg = Release|Any CPU
		{857CF18E-A8C9-4437-A3C0-1B456C9E9732}.Release|Any CPU.Build.0 = Release|Any CPU
		{7D576C44-5316-42E7-AC88-849FC7EFE564}.Debug|Any CPU.ActiveCfg = Debug|Any CPU
		{7D576C44-5316-42E7-AC88-849FC7EFE564}.Debug|Any CPU.Build.0 = Debug|Any CPU
		{7D576C44-5316-42E7-AC88-849FC7EFE564}.Release|Any CPU.ActiveCfg = Release|Any CPU
		{7D576C44-5316-42E7-AC88-849FC7EFE564}.Release|Any CPU.Build.0 = Release|Any CPU
		{421438A5-182E-45E1-BCA0-0E18DF623609}.Debug|Any CPU.ActiveCfg = Debug|Any CPU
		{421438A5-182E-45E1-BCA0-0E18DF623609}.Debug|Any CPU.Build.0 = Debug|Any CPU
		{421438A5-182E-45E1-BCA0-0E18DF623609}.Release|Any CPU.ActiveCfg = Release|Any CPU
		{421438A5-182E-45E1-BCA0-0E18DF623609}.Release|Any CPU.Build.0 = Release|Any CPU
	EndGlobalSection
	GlobalSection(SolutionProperties) = preSolution
		HideSolutionNode = FALSE
	EndGlobalSection
	GlobalSection(ExtensibilityGlobals) = postSolution
		SolutionGuid = {7677699B-60C4-44BA-BC73-6B0D7B19A1F1}
	EndGlobalSection
EndGlobal
