
Microsoft Visual Studio Solution File, Format Version 12.00
# Visual Studio Version 17
VisualStudioVersion = 17.6.33723.286
MinimumVisualStudioVersion = 10.0.40219.1
Project("{9A19103F-16F7-4668-BE54-9A1E7A4F7556}") = "Parser", "Parser.csproj", "{A8E73DAA-EE12-4718-8943-102C087133E9}"
EndProject
Project("{9A19103F-16F7-4668-BE54-9A1E7A4F7556}") = "Contracts", "src\Contracts\Contracts.csproj", "{1A13F861-7A71-43AE-8331-509B17602F6F}"
EndProject
Project("{9A19103F-16F7-4668-BE54-9A1E7A4F7556}") = "Entities", "src\Entities\Entities.csproj", "{7FC8B2BE-62A9-45B6-9EF9-5CC0EDA50275}"
EndProject
Project("{9A19103F-16F7-4668-BE54-9A1E7A4F7556}") = "LoggerService", "src\LoggerService\LoggerService.csproj", "{CB2AF195-5A17-49D3-8B5B-9D2071391594}"
EndProject
Project("{9A19103F-16F7-4668-BE54-9A1E7A4F7556}") = "Repository", "src\Repository\Repository.csproj", "{8DA10B64-75C8-4BD0-99BA-8C617F0A205D}"
EndProject
Global
	GlobalSection(SolutionConfigurationPlatforms) = preSolution
		Debug|Any CPU = Debug|Any CPU
		Release|Any CPU = Release|Any CPU
	EndGlobalSection
	GlobalSection(ProjectConfigurationPlatforms) = postSolution
		{A8E73DAA-EE12-4718-8943-102C087133E9}.Debug|Any CPU.ActiveCfg = Debug|Any CPU
		{A8E73DAA-EE12-4718-8943-102C087133E9}.Debug|Any CPU.Build.0 = Debug|Any CPU
		{A8E73DAA-EE12-4718-8943-102C087133E9}.Release|Any CPU.ActiveCfg = Release|Any CPU
		{A8E73DAA-EE12-4718-8943-102C087133E9}.Release|Any CPU.Build.0 = Release|Any CPU
		{1A13F861-7A71-43AE-8331-509B17602F6F}.Debug|Any CPU.ActiveCfg = Debug|Any CPU
		{1A13F861-7A71-43AE-8331-509B17602F6F}.Debug|Any CPU.Build.0 = Debug|Any CPU
		{1A13F861-7A71-43AE-8331-509B17602F6F}.Release|Any CPU.ActiveCfg = Release|Any CPU
		{1A13F861-7A71-43AE-8331-509B17602F6F}.Release|Any CPU.Build.0 = Release|Any CPU
		{7FC8B2BE-62A9-45B6-9EF9-5CC0EDA50275}.Debug|Any CPU.ActiveCfg = Debug|Any CPU
		{7FC8B2BE-62A9-45B6-9EF9-5CC0EDA50275}.Debug|Any CPU.Build.0 = Debug|Any CPU
		{7FC8B2BE-62A9-45B6-9EF9-5CC0EDA50275}.Release|Any CPU.ActiveCfg = Release|Any CPU
		{7FC8B2BE-62A9-45B6-9EF9-5CC0EDA50275}.Release|Any CPU.Build.0 = Release|Any CPU
		{CB2AF195-5A17-49D3-8B5B-9D2071391594}.Debug|Any CPU.ActiveCfg = Debug|Any CPU
		{CB2AF195-5A17-49D3-8B5B-9D2071391594}.Debug|Any CPU.Build.0 = Debug|Any CPU
		{CB2AF195-5A17-49D3-8B5B-9D2071391594}.Release|Any CPU.ActiveCfg = Release|Any CPU
		{CB2AF195-5A17-49D3-8B5B-9D2071391594}.Release|Any CPU.Build.0 = Release|Any CPU
		{8DA10B64-75C8-4BD0-99BA-8C617F0A205D}.Debug|Any CPU.ActiveCfg = Debug|Any CPU
		{8DA10B64-75C8-4BD0-99BA-8C617F0A205D}.Debug|Any CPU.Build.0 = Debug|Any CPU
		{8DA10B64-75C8-4BD0-99BA-8C617F0A205D}.Release|Any CPU.ActiveCfg = Release|Any CPU
		{8DA10B64-75C8-4BD0-99BA-8C617F0A205D}.Release|Any CPU.Build.0 = Release|Any CPU
	EndGlobalSection
	GlobalSection(SolutionProperties) = preSolution
		HideSolutionNode = FALSE
	EndGlobalSection
	GlobalSection(ExtensibilityGlobals) = postSolution
		SolutionGuid = {7677699B-60C4-44BA-BC73-6B0D7B19A1F1}
	EndGlobalSection
EndGlobal
